// !$*UTF8*$!
{
	archiveVersion = 1;
	classes = {
	};
	objectVersion = 60;
	objects = {

/* Begin PBXBuildFile section */
		FA5F11B12B6198DD0058A68B /* HAService.swift in Sources */ = {isa = PBXBuildFile; fileRef = FA5F11B02B6198DD0058A68B /* HAService.swift */; };
		FA5F11BA2B62C62D0058A68B /* HAKit in Frameworks */ = {isa = PBXBuildFile; productRef = FA5F11B92B62C62D0058A68B /* HAKit */; };
		FA5F11BF2B62D3280058A68B /* HAKit in Frameworks */ = {isa = PBXBuildFile; productRef = FA5F11BE2B62D3280058A68B /* HAKit */; };
		FA5F11C22B62D3630058A68B /* HAKit in Frameworks */ = {isa = PBXBuildFile; productRef = FA5F11C12B62D3630058A68B /* HAKit */; };
		FA9132FD2B5D5E9D00A02EF8 /* local_todosApp.swift in Sources */ = {isa = PBXBuildFile; fileRef = FA9132FC2B5D5E9D00A02EF8 /* local_todosApp.swift */; };
		FA9132FF2B5D5E9D00A02EF8 /* HomeView.swift in Sources */ = {isa = PBXBuildFile; fileRef = FA9132FE2B5D5E9D00A02EF8 /* HomeView.swift */; };
		FA9133012B5D5E9E00A02EF8 /* Assets.xcassets in Resources */ = {isa = PBXBuildFile; fileRef = FA9133002B5D5E9E00A02EF8 /* Assets.xcassets */; };
		FA9133052B5D5E9E00A02EF8 /* Preview Assets.xcassets in Resources */ = {isa = PBXBuildFile; fileRef = FA9133042B5D5E9E00A02EF8 /* Preview Assets.xcassets */; };
		FA91330F2B5D5E9E00A02EF8 /* local_todosTests.swift in Sources */ = {isa = PBXBuildFile; fileRef = FA91330E2B5D5E9E00A02EF8 /* local_todosTests.swift */; };
		FA9133192B5D5E9E00A02EF8 /* local_todosUITests.swift in Sources */ = {isa = PBXBuildFile; fileRef = FA9133182B5D5E9E00A02EF8 /* local_todosUITests.swift */; };
		FA91331B2B5D5E9E00A02EF8 /* local_todosUITestsLaunchTests.swift in Sources */ = {isa = PBXBuildFile; fileRef = FA91331A2B5D5E9E00A02EF8 /* local_todosUITestsLaunchTests.swift */; };
		FA9133292B5D5EB800A02EF8 /* TodoModel.xcdatamodeld in Sources */ = {isa = PBXBuildFile; fileRef = FA9133272B5D5EB800A02EF8 /* TodoModel.xcdatamodeld */; };
		FA9133562B5D602300A02EF8 /* Delay.swift in Sources */ = {isa = PBXBuildFile; fileRef = FA91332B2B5D602300A02EF8 /* Delay.swift */; };
		FA9133572B5D602300A02EF8 /* FormatDate.swift in Sources */ = {isa = PBXBuildFile; fileRef = FA91332C2B5D602300A02EF8 /* FormatDate.swift */; };
		FA9133582B5D602300A02EF8 /* CustomOperators.swift in Sources */ = {isa = PBXBuildFile; fileRef = FA91332D2B5D602300A02EF8 /* CustomOperators.swift */; };
		FA91335B2B5D602300A02EF8 /* TodoItemUpdateDTO.swift in Sources */ = {isa = PBXBuildFile; fileRef = FA9133332B5D602300A02EF8 /* TodoItemUpdateDTO.swift */; };
		FA91335C2B5D602300A02EF8 /* TodoItemCreateDTO.swift in Sources */ = {isa = PBXBuildFile; fileRef = FA9133342B5D602300A02EF8 /* TodoItemCreateDTO.swift */; };
		FA91335D2B5D602300A02EF8 /* TodoItemDateAndTime.swift in Sources */ = {isa = PBXBuildFile; fileRef = FA9133352B5D602300A02EF8 /* TodoItemDateAndTime.swift */; };
		FA91335E2B5D602300A02EF8 /* CoreDataProvider.swift in Sources */ = {isa = PBXBuildFile; fileRef = FA9133372B5D602300A02EF8 /* CoreDataProvider.swift */; };
		FA91335F2B5D602300A02EF8 /* UserListService.swift in Sources */ = {isa = PBXBuildFile; fileRef = FA9133392B5D602300A02EF8 /* UserListService.swift */; };
		FA9133602B5D602300A02EF8 /* NotificationService.swift in Sources */ = {isa = PBXBuildFile; fileRef = FA91333A2B5D602300A02EF8 /* NotificationService.swift */; };
		FA9133612B5D602300A02EF8 /* TodoItemService.swift in Sources */ = {isa = PBXBuildFile; fileRef = FA91333B2B5D602300A02EF8 /* TodoItemService.swift */; };
		FA9133632B5D602300A02EF8 /* TodoDetailView.swift in Sources */ = {isa = PBXBuildFile; fileRef = FA9133402B5D602300A02EF8 /* TodoDetailView.swift */; };
		FA9133642B5D602300A02EF8 /* TodoListView.swift in Sources */ = {isa = PBXBuildFile; fileRef = FA9133412B5D602300A02EF8 /* TodoListView.swift */; };
		FA9133652B5D602300A02EF8 /* TodoCellView.swift in Sources */ = {isa = PBXBuildFile; fileRef = FA9133422B5D602300A02EF8 /* TodoCellView.swift */; };
		FA9133662B5D602300A02EF8 /* TodoCreateView.swift in Sources */ = {isa = PBXBuildFile; fileRef = FA9133432B5D602300A02EF8 /* TodoCreateView.swift */; };
		FA9133672B5D602300A02EF8 /* ColorPickerView.swift in Sources */ = {isa = PBXBuildFile; fileRef = FA9133452B5D602300A02EF8 /* ColorPickerView.swift */; };
		FA9133682B5D602300A02EF8 /* ListPickerView.swift in Sources */ = {isa = PBXBuildFile; fileRef = FA9133472B5D602300A02EF8 /* ListPickerView.swift */; };
		FA9133692B5D602300A02EF8 /* ListCreateView.swift in Sources */ = {isa = PBXBuildFile; fileRef = FA9133482B5D602300A02EF8 /* ListCreateView.swift */; };
		FA91336A2B5D602300A02EF8 /* ListCellView.swift in Sources */ = {isa = PBXBuildFile; fileRef = FA9133492B5D602300A02EF8 /* ListCellView.swift */; };
		FA91336B2B5D602300A02EF8 /* ListsView.swift in Sources */ = {isa = PBXBuildFile; fileRef = FA91334A2B5D602300A02EF8 /* ListsView.swift */; };
		FA91336C2B5D602300A02EF8 /* ListDetailView.swift in Sources */ = {isa = PBXBuildFile; fileRef = FA91334B2B5D602300A02EF8 /* ListDetailView.swift */; };
		FA91336D2B5D602300A02EF8 /* ErrorView.swift in Sources */ = {isa = PBXBuildFile; fileRef = FA91334D2B5D602300A02EF8 /* ErrorView.swift */; };
		FA91336E2B5D602300A02EF8 /* StatsCellView.swift in Sources */ = {isa = PBXBuildFile; fileRef = FA91334F2B5D602300A02EF8 /* StatsCellView.swift */; };
		FA91336F2B5D602300A02EF8 /* Date+Extension.swift in Sources */ = {isa = PBXBuildFile; fileRef = FA9133512B5D602300A02EF8 /* Date+Extension.swift */; };
		FA9133702B5D602300A02EF8 /* UserList+Extension.swift in Sources */ = {isa = PBXBuildFile; fileRef = FA9133522B5D602300A02EF8 /* UserList+Extension.swift */; };
		FA9133712B5D602300A02EF8 /* String+Extension.swift in Sources */ = {isa = PBXBuildFile; fileRef = FA9133532B5D602300A02EF8 /* String+Extension.swift */; };
		FA9133722B5D602300A02EF8 /* Color+Extension.swift in Sources */ = {isa = PBXBuildFile; fileRef = FA9133542B5D602300A02EF8 /* Color+Extension.swift */; };
		FA9133732B5D602300A02EF8 /* View+Extension.swift in Sources */ = {isa = PBXBuildFile; fileRef = FA9133552B5D602300A02EF8 /* View+Extension.swift */; };
		FA9133752B5D741600A02EF8 /* TodoItem+Extension.swift in Sources */ = {isa = PBXBuildFile; fileRef = FA9133742B5D741600A02EF8 /* TodoItem+Extension.swift */; };
		FA9133782B5D755900A02EF8 /* PreviewData.swift in Sources */ = {isa = PBXBuildFile; fileRef = FA9133772B5D755900A02EF8 /* PreviewData.swift */; };
		FA91337A2B5D779600A02EF8 /* StatsGroupView.swift in Sources */ = {isa = PBXBuildFile; fileRef = FA9133792B5D779600A02EF8 /* StatsGroupView.swift */; };
/* End PBXBuildFile section */

/* Begin PBXContainerItemProxy section */
		FA91330B2B5D5E9E00A02EF8 /* PBXContainerItemProxy */ = {
			isa = PBXContainerItemProxy;
			containerPortal = FA9132F12B5D5E9C00A02EF8 /* Project object */;
			proxyType = 1;
			remoteGlobalIDString = FA9132F82B5D5E9D00A02EF8;
			remoteInfo = "local-todos";
		};
		FA9133152B5D5E9E00A02EF8 /* PBXContainerItemProxy */ = {
			isa = PBXContainerItemProxy;
			containerPortal = FA9132F12B5D5E9C00A02EF8 /* Project object */;
			proxyType = 1;
			remoteGlobalIDString = FA9132F82B5D5E9D00A02EF8;
			remoteInfo = "local-todos";
		};
/* End PBXContainerItemProxy section */

/* Begin PBXFileReference section */
		FA5F11B02B6198DD0058A68B /* HAService.swift */ = {isa = PBXFileReference; lastKnownFileType = sourcecode.swift; path = HAService.swift; sourceTree = "<group>"; };
		FA9132F92B5D5E9D00A02EF8 /* local-todos.app */ = {isa = PBXFileReference; explicitFileType = wrapper.application; includeInIndex = 0; path = "local-todos.app"; sourceTree = BUILT_PRODUCTS_DIR; };
		FA9132FC2B5D5E9D00A02EF8 /* local_todosApp.swift */ = {isa = PBXFileReference; lastKnownFileType = sourcecode.swift; path = local_todosApp.swift; sourceTree = "<group>"; };
		FA9132FE2B5D5E9D00A02EF8 /* HomeView.swift */ = {isa = PBXFileReference; lastKnownFileType = sourcecode.swift; path = HomeView.swift; sourceTree = "<group>"; usesTabs = 1; wrapsLines = 1; };
		FA9133002B5D5E9E00A02EF8 /* Assets.xcassets */ = {isa = PBXFileReference; lastKnownFileType = folder.assetcatalog; path = Assets.xcassets; sourceTree = "<group>"; };
		FA9133022B5D5E9E00A02EF8 /* local_todos.entitlements */ = {isa = PBXFileReference; lastKnownFileType = text.plist.entitlements; path = local_todos.entitlements; sourceTree = "<group>"; };
		FA9133042B5D5E9E00A02EF8 /* Preview Assets.xcassets */ = {isa = PBXFileReference; lastKnownFileType = folder.assetcatalog; path = "Preview Assets.xcassets"; sourceTree = "<group>"; };
		FA91330A2B5D5E9E00A02EF8 /* local-todosTests.xctest */ = {isa = PBXFileReference; explicitFileType = wrapper.cfbundle; includeInIndex = 0; path = "local-todosTests.xctest"; sourceTree = BUILT_PRODUCTS_DIR; };
		FA91330E2B5D5E9E00A02EF8 /* local_todosTests.swift */ = {isa = PBXFileReference; lastKnownFileType = sourcecode.swift; path = local_todosTests.swift; sourceTree = "<group>"; };
		FA9133142B5D5E9E00A02EF8 /* local-todosUITests.xctest */ = {isa = PBXFileReference; explicitFileType = wrapper.cfbundle; includeInIndex = 0; path = "local-todosUITests.xctest"; sourceTree = BUILT_PRODUCTS_DIR; };
		FA9133182B5D5E9E00A02EF8 /* local_todosUITests.swift */ = {isa = PBXFileReference; lastKnownFileType = sourcecode.swift; path = local_todosUITests.swift; sourceTree = "<group>"; };
		FA91331A2B5D5E9E00A02EF8 /* local_todosUITestsLaunchTests.swift */ = {isa = PBXFileReference; lastKnownFileType = sourcecode.swift; path = local_todosUITestsLaunchTests.swift; sourceTree = "<group>"; };
		FA9133282B5D5EB800A02EF8 /* TodoModel.xcdatamodel */ = {isa = PBXFileReference; lastKnownFileType = wrapper.xcdatamodel; path = TodoModel.xcdatamodel; sourceTree = "<group>"; };
		FA91332B2B5D602300A02EF8 /* Delay.swift */ = {isa = PBXFileReference; fileEncoding = 4; lastKnownFileType = sourcecode.swift; path = Delay.swift; sourceTree = "<group>"; };
		FA91332C2B5D602300A02EF8 /* FormatDate.swift */ = {isa = PBXFileReference; fileEncoding = 4; lastKnownFileType = sourcecode.swift; path = FormatDate.swift; sourceTree = "<group>"; };
		FA91332D2B5D602300A02EF8 /* CustomOperators.swift */ = {isa = PBXFileReference; fileEncoding = 4; lastKnownFileType = sourcecode.swift; path = CustomOperators.swift; sourceTree = "<group>"; };
		FA9133332B5D602300A02EF8 /* TodoItemUpdateDTO.swift */ = {isa = PBXFileReference; fileEncoding = 4; lastKnownFileType = sourcecode.swift; path = TodoItemUpdateDTO.swift; sourceTree = "<group>"; };
		FA9133342B5D602300A02EF8 /* TodoItemCreateDTO.swift */ = {isa = PBXFileReference; fileEncoding = 4; lastKnownFileType = sourcecode.swift; path = TodoItemCreateDTO.swift; sourceTree = "<group>"; };
		FA9133352B5D602300A02EF8 /* TodoItemDateAndTime.swift */ = {isa = PBXFileReference; fileEncoding = 4; lastKnownFileType = sourcecode.swift; path = TodoItemDateAndTime.swift; sourceTree = "<group>"; };
		FA9133372B5D602300A02EF8 /* CoreDataProvider.swift */ = {isa = PBXFileReference; fileEncoding = 4; lastKnownFileType = sourcecode.swift; path = CoreDataProvider.swift; sourceTree = "<group>"; };
		FA9133392B5D602300A02EF8 /* UserListService.swift */ = {isa = PBXFileReference; fileEncoding = 4; lastKnownFileType = sourcecode.swift; path = UserListService.swift; sourceTree = "<group>"; };
		FA91333A2B5D602300A02EF8 /* NotificationService.swift */ = {isa = PBXFileReference; fileEncoding = 4; lastKnownFileType = sourcecode.swift; path = NotificationService.swift; sourceTree = "<group>"; };
		FA91333B2B5D602300A02EF8 /* TodoItemService.swift */ = {isa = PBXFileReference; fileEncoding = 4; lastKnownFileType = sourcecode.swift; path = TodoItemService.swift; sourceTree = "<group>"; };
		FA9133402B5D602300A02EF8 /* TodoDetailView.swift */ = {isa = PBXFileReference; fileEncoding = 4; lastKnownFileType = sourcecode.swift; path = TodoDetailView.swift; sourceTree = "<group>"; };
		FA9133412B5D602300A02EF8 /* TodoListView.swift */ = {isa = PBXFileReference; fileEncoding = 4; lastKnownFileType = sourcecode.swift; path = TodoListView.swift; sourceTree = "<group>"; };
		FA9133422B5D602300A02EF8 /* TodoCellView.swift */ = {isa = PBXFileReference; fileEncoding = 4; lastKnownFileType = sourcecode.swift; path = TodoCellView.swift; sourceTree = "<group>"; };
		FA9133432B5D602300A02EF8 /* TodoCreateView.swift */ = {isa = PBXFileReference; fileEncoding = 4; lastKnownFileType = sourcecode.swift; path = TodoCreateView.swift; sourceTree = "<group>"; };
		FA9133452B5D602300A02EF8 /* ColorPickerView.swift */ = {isa = PBXFileReference; fileEncoding = 4; lastKnownFileType = sourcecode.swift; path = ColorPickerView.swift; sourceTree = "<group>"; };
		FA9133472B5D602300A02EF8 /* ListPickerView.swift */ = {isa = PBXFileReference; fileEncoding = 4; lastKnownFileType = sourcecode.swift; path = ListPickerView.swift; sourceTree = "<group>"; };
		FA9133482B5D602300A02EF8 /* ListCreateView.swift */ = {isa = PBXFileReference; fileEncoding = 4; lastKnownFileType = sourcecode.swift; path = ListCreateView.swift; sourceTree = "<group>"; };
		FA9133492B5D602300A02EF8 /* ListCellView.swift */ = {isa = PBXFileReference; fileEncoding = 4; lastKnownFileType = sourcecode.swift; path = ListCellView.swift; sourceTree = "<group>"; };
		FA91334A2B5D602300A02EF8 /* ListsView.swift */ = {isa = PBXFileReference; fileEncoding = 4; lastKnownFileType = sourcecode.swift; path = ListsView.swift; sourceTree = "<group>"; };
		FA91334B2B5D602300A02EF8 /* ListDetailView.swift */ = {isa = PBXFileReference; fileEncoding = 4; lastKnownFileType = sourcecode.swift; path = ListDetailView.swift; sourceTree = "<group>"; };
		FA91334D2B5D602300A02EF8 /* ErrorView.swift */ = {isa = PBXFileReference; fileEncoding = 4; lastKnownFileType = sourcecode.swift; path = ErrorView.swift; sourceTree = "<group>"; };
		FA91334F2B5D602300A02EF8 /* StatsCellView.swift */ = {isa = PBXFileReference; fileEncoding = 4; lastKnownFileType = sourcecode.swift; path = StatsCellView.swift; sourceTree = "<group>"; };
		FA9133512B5D602300A02EF8 /* Date+Extension.swift */ = {isa = PBXFileReference; fileEncoding = 4; lastKnownFileType = sourcecode.swift; path = "Date+Extension.swift"; sourceTree = "<group>"; };
		FA9133522B5D602300A02EF8 /* UserList+Extension.swift */ = {isa = PBXFileReference; fileEncoding = 4; lastKnownFileType = sourcecode.swift; path = "UserList+Extension.swift"; sourceTree = "<group>"; };
		FA9133532B5D602300A02EF8 /* String+Extension.swift */ = {isa = PBXFileReference; fileEncoding = 4; lastKnownFileType = sourcecode.swift; path = "String+Extension.swift"; sourceTree = "<group>"; };
		FA9133542B5D602300A02EF8 /* Color+Extension.swift */ = {isa = PBXFileReference; fileEncoding = 4; lastKnownFileType = sourcecode.swift; path = "Color+Extension.swift"; sourceTree = "<group>"; };
		FA9133552B5D602300A02EF8 /* View+Extension.swift */ = {isa = PBXFileReference; fileEncoding = 4; lastKnownFileType = sourcecode.swift; path = "View+Extension.swift"; sourceTree = "<group>"; };
		FA9133742B5D741600A02EF8 /* TodoItem+Extension.swift */ = {isa = PBXFileReference; lastKnownFileType = sourcecode.swift; path = "TodoItem+Extension.swift"; sourceTree = "<group>"; };
		FA9133772B5D755900A02EF8 /* PreviewData.swift */ = {isa = PBXFileReference; fileEncoding = 4; lastKnownFileType = sourcecode.swift; path = PreviewData.swift; sourceTree = "<group>"; };
		FA9133792B5D779600A02EF8 /* StatsGroupView.swift */ = {isa = PBXFileReference; lastKnownFileType = sourcecode.swift; path = StatsGroupView.swift; sourceTree = "<group>"; };
/* End PBXFileReference section */

/* Begin PBXFrameworksBuildPhase section */
		FA9132F62B5D5E9D00A02EF8 /* Frameworks */ = {
			isa = PBXFrameworksBuildPhase;
			buildActionMask = 2147483647;
			files = (
				FA5F11C22B62D3630058A68B /* HAKit in Frameworks */,
				FA5F11BF2B62D3280058A68B /* HAKit in Frameworks */,
				FA5F11BA2B62C62D0058A68B /* HAKit in Frameworks */,
			);
			runOnlyForDeploymentPostprocessing = 0;
		};
		FA9133072B5D5E9E00A02EF8 /* Frameworks */ = {
			isa = PBXFrameworksBuildPhase;
			buildActionMask = 2147483647;
			files = (
			);
			runOnlyForDeploymentPostprocessing = 0;
		};
		FA9133112B5D5E9E00A02EF8 /* Frameworks */ = {
			isa = PBXFrameworksBuildPhase;
			buildActionMask = 2147483647;
			files = (
			);
			runOnlyForDeploymentPostprocessing = 0;
		};
/* End PBXFrameworksBuildPhase section */

/* Begin PBXGroup section */
		FA9132F02B5D5E9C00A02EF8 = {
			isa = PBXGroup;
			children = (
				FA9132FB2B5D5E9D00A02EF8 /* local-todos */,
				FA91330D2B5D5E9E00A02EF8 /* local-todosTests */,
				FA9133172B5D5E9E00A02EF8 /* local-todosUITests */,
				FA9132FA2B5D5E9D00A02EF8 /* Products */,
			);
			sourceTree = "<group>";
		};
		FA9132FA2B5D5E9D00A02EF8 /* Products */ = {
			isa = PBXGroup;
			children = (
				FA9132F92B5D5E9D00A02EF8 /* local-todos.app */,
				FA91330A2B5D5E9E00A02EF8 /* local-todosTests.xctest */,
				FA9133142B5D5E9E00A02EF8 /* local-todosUITests.xctest */,
			);
			name = Products;
			sourceTree = "<group>";
		};
		FA9132FB2B5D5E9D00A02EF8 /* local-todos */ = {
			isa = PBXGroup;
			children = (
				FA9133502B5D602300A02EF8 /* Extensions */,
				FA9133312B5D602300A02EF8 /* Models */,
				FA9133362B5D602300A02EF8 /* Providers */,
				FA9133382B5D602300A02EF8 /* Services */,
				FA91332A2B5D602300A02EF8 /* Utils */,
				FA91333E2B5D602300A02EF8 /* Views */,
				FA9132FC2B5D5E9D00A02EF8 /* local_todosApp.swift */,
				FA9132FE2B5D5E9D00A02EF8 /* HomeView.swift */,
				FA9133002B5D5E9E00A02EF8 /* Assets.xcassets */,
				FA9133022B5D5E9E00A02EF8 /* local_todos.entitlements */,
				FA9133032B5D5E9E00A02EF8 /* Preview Content */,
				FA9133272B5D5EB800A02EF8 /* TodoModel.xcdatamodeld */,
			);
			path = "local-todos";
			sourceTree = "<group>";
		};
		FA9133032B5D5E9E00A02EF8 /* Preview Content */ = {
			isa = PBXGroup;
			children = (
				FA9133772B5D755900A02EF8 /* PreviewData.swift */,
				FA9133042B5D5E9E00A02EF8 /* Preview Assets.xcassets */,
			);
			path = "Preview Content";
			sourceTree = "<group>";
		};
		FA91330D2B5D5E9E00A02EF8 /* local-todosTests */ = {
			isa = PBXGroup;
			children = (
				FA91330E2B5D5E9E00A02EF8 /* local_todosTests.swift */,
			);
			path = "local-todosTests";
			sourceTree = "<group>";
		};
		FA9133172B5D5E9E00A02EF8 /* local-todosUITests */ = {
			isa = PBXGroup;
			children = (
				FA9133182B5D5E9E00A02EF8 /* local_todosUITests.swift */,
				FA91331A2B5D5E9E00A02EF8 /* local_todosUITestsLaunchTests.swift */,
			);
			path = "local-todosUITests";
			sourceTree = "<group>";
		};
		FA91332A2B5D602300A02EF8 /* Utils */ = {
			isa = PBXGroup;
			children = (
				FA91332B2B5D602300A02EF8 /* Delay.swift */,
				FA91332C2B5D602300A02EF8 /* FormatDate.swift */,
				FA91332D2B5D602300A02EF8 /* CustomOperators.swift */,
			);
			path = Utils;
			sourceTree = "<group>";
		};
		FA9133312B5D602300A02EF8 /* Models */ = {
			isa = PBXGroup;
			children = (
				FA9133322B5D602300A02EF8 /* ReminderDTO */,
			);
			path = Models;
			sourceTree = "<group>";
		};
		FA9133322B5D602300A02EF8 /* ReminderDTO */ = {
			isa = PBXGroup;
			children = (
				FA9133332B5D602300A02EF8 /* TodoItemUpdateDTO.swift */,
				FA9133342B5D602300A02EF8 /* TodoItemCreateDTO.swift */,
				FA9133352B5D602300A02EF8 /* TodoItemDateAndTime.swift */,
			);
			path = ReminderDTO;
			sourceTree = "<group>";
		};
		FA9133362B5D602300A02EF8 /* Providers */ = {
			isa = PBXGroup;
			children = (
				FA9133372B5D602300A02EF8 /* CoreDataProvider.swift */,
			);
			path = Providers;
			sourceTree = "<group>";
		};
		FA9133382B5D602300A02EF8 /* Services */ = {
			isa = PBXGroup;
			children = (
				FA9133392B5D602300A02EF8 /* UserListService.swift */,
				FA91333A2B5D602300A02EF8 /* NotificationService.swift */,
				FA91333B2B5D602300A02EF8 /* TodoItemService.swift */,
				FA5F11B02B6198DD0058A68B /* HAService.swift */,
			);
			path = Services;
			sourceTree = "<group>";
		};
		FA91333E2B5D602300A02EF8 /* Views */ = {
			isa = PBXGroup;
			children = (
				FA91333F2B5D602300A02EF8 /* TodoItem */,
				FA9133442B5D602300A02EF8 /* Components */,
				FA9133462B5D602300A02EF8 /* List */,
				FA91334C2B5D602300A02EF8 /* Errors */,
			);
			path = Views;
			sourceTree = "<group>";
		};
		FA91333F2B5D602300A02EF8 /* TodoItem */ = {
			isa = PBXGroup;
			children = (
				FA9133402B5D602300A02EF8 /* TodoDetailView.swift */,
				FA9133412B5D602300A02EF8 /* TodoListView.swift */,
				FA9133422B5D602300A02EF8 /* TodoCellView.swift */,
				FA9133432B5D602300A02EF8 /* TodoCreateView.swift */,
			);
			path = TodoItem;
			sourceTree = "<group>";
		};
		FA9133442B5D602300A02EF8 /* Components */ = {
			isa = PBXGroup;
			children = (
				FA91334E2B5D602300A02EF8 /* Stats */,
				FA9133452B5D602300A02EF8 /* ColorPickerView.swift */,
			);
			path = Components;
			sourceTree = "<group>";
		};
		FA9133462B5D602300A02EF8 /* List */ = {
			isa = PBXGroup;
			children = (
				FA9133472B5D602300A02EF8 /* ListPickerView.swift */,
				FA9133482B5D602300A02EF8 /* ListCreateView.swift */,
				FA9133492B5D602300A02EF8 /* ListCellView.swift */,
				FA91334A2B5D602300A02EF8 /* ListsView.swift */,
				FA91334B2B5D602300A02EF8 /* ListDetailView.swift */,
			);
			path = List;
			sourceTree = "<group>";
		};
		FA91334C2B5D602300A02EF8 /* Errors */ = {
			isa = PBXGroup;
			children = (
				FA91334D2B5D602300A02EF8 /* ErrorView.swift */,
			);
			path = Errors;
			sourceTree = "<group>";
		};
		FA91334E2B5D602300A02EF8 /* Stats */ = {
			isa = PBXGroup;
			children = (
				FA91334F2B5D602300A02EF8 /* StatsCellView.swift */,
				FA9133792B5D779600A02EF8 /* StatsGroupView.swift */,
			);
			path = Stats;
			sourceTree = "<group>";
		};
		FA9133502B5D602300A02EF8 /* Extensions */ = {
			isa = PBXGroup;
			children = (
				FA9133512B5D602300A02EF8 /* Date+Extension.swift */,
				FA9133522B5D602300A02EF8 /* UserList+Extension.swift */,
				FA9133532B5D602300A02EF8 /* String+Extension.swift */,
				FA9133542B5D602300A02EF8 /* Color+Extension.swift */,
				FA9133552B5D602300A02EF8 /* View+Extension.swift */,
				FA9133742B5D741600A02EF8 /* TodoItem+Extension.swift */,
			);
			path = Extensions;
			sourceTree = "<group>";
		};
/* End PBXGroup section */

/* Begin PBXNativeTarget section */
		FA9132F82B5D5E9D00A02EF8 /* local-todos */ = {
			isa = PBXNativeTarget;
			buildConfigurationList = FA91331E2B5D5E9E00A02EF8 /* Build configuration list for PBXNativeTarget "local-todos" */;
			buildPhases = (
				FA9132F52B5D5E9D00A02EF8 /* Sources */,
				FA9132F62B5D5E9D00A02EF8 /* Frameworks */,
				FA9132F72B5D5E9D00A02EF8 /* Resources */,
			);
			buildRules = (
			);
			dependencies = (
			);
			name = "local-todos";
			packageProductDependencies = (
				FA5F11B92B62C62D0058A68B /* HAKit */,
				FA5F11BE2B62D3280058A68B /* HAKit */,
				FA5F11C12B62D3630058A68B /* HAKit */,
			);
			productName = "local-todos";
			productReference = FA9132F92B5D5E9D00A02EF8 /* local-todos.app */;
			productType = "com.apple.product-type.application";
		};
		FA9133092B5D5E9E00A02EF8 /* local-todosTests */ = {
			isa = PBXNativeTarget;
			buildConfigurationList = FA9133212B5D5E9E00A02EF8 /* Build configuration list for PBXNativeTarget "local-todosTests" */;
			buildPhases = (
				FA9133062B5D5E9E00A02EF8 /* Sources */,
				FA9133072B5D5E9E00A02EF8 /* Frameworks */,
				FA9133082B5D5E9E00A02EF8 /* Resources */,
			);
			buildRules = (
			);
			dependencies = (
				FA91330C2B5D5E9E00A02EF8 /* PBXTargetDependency */,
			);
			name = "local-todosTests";
			productName = "local-todosTests";
			productReference = FA91330A2B5D5E9E00A02EF8 /* local-todosTests.xctest */;
			productType = "com.apple.product-type.bundle.unit-test";
		};
		FA9133132B5D5E9E00A02EF8 /* local-todosUITests */ = {
			isa = PBXNativeTarget;
			buildConfigurationList = FA9133242B5D5E9E00A02EF8 /* Build configuration list for PBXNativeTarget "local-todosUITests" */;
			buildPhases = (
				FA9133102B5D5E9E00A02EF8 /* Sources */,
				FA9133112B5D5E9E00A02EF8 /* Frameworks */,
				FA9133122B5D5E9E00A02EF8 /* Resources */,
			);
			buildRules = (
			);
			dependencies = (
				FA9133162B5D5E9E00A02EF8 /* PBXTargetDependency */,
			);
			name = "local-todosUITests";
			productName = "local-todosUITests";
			productReference = FA9133142B5D5E9E00A02EF8 /* local-todosUITests.xctest */;
			productType = "com.apple.product-type.bundle.ui-testing";
		};
/* End PBXNativeTarget section */

/* Begin PBXProject section */
		FA9132F12B5D5E9C00A02EF8 /* Project object */ = {
			isa = PBXProject;
			attributes = {
				BuildIndependentTargetsInParallel = 1;
				LastSwiftUpdateCheck = 1520;
				LastUpgradeCheck = 1520;
				TargetAttributes = {
					FA9132F82B5D5E9D00A02EF8 = {
						CreatedOnToolsVersion = 15.2;
					};
					FA9133092B5D5E9E00A02EF8 = {
						CreatedOnToolsVersion = 15.2;
						TestTargetID = FA9132F82B5D5E9D00A02EF8;
					};
					FA9133132B5D5E9E00A02EF8 = {
						CreatedOnToolsVersion = 15.2;
						TestTargetID = FA9132F82B5D5E9D00A02EF8;
					};
				};
			};
			buildConfigurationList = FA9132F42B5D5E9C00A02EF8 /* Build configuration list for PBXProject "local-todos" */;
			compatibilityVersion = "Xcode 14.0";
			developmentRegion = en;
			hasScannedForEncodings = 0;
			knownRegions = (
				en,
				Base,
			);
			mainGroup = FA9132F02B5D5E9C00A02EF8;
			packageReferences = (
				FA5F11C02B62D3630058A68B /* XCLocalSwiftPackageReference "../HAKit" */,
			);
			productRefGroup = FA9132FA2B5D5E9D00A02EF8 /* Products */;
			projectDirPath = "";
			projectRoot = "";
			targets = (
				FA9132F82B5D5E9D00A02EF8 /* local-todos */,
				FA9133092B5D5E9E00A02EF8 /* local-todosTests */,
				FA9133132B5D5E9E00A02EF8 /* local-todosUITests */,
			);
		};
/* End PBXProject section */

/* Begin PBXResourcesBuildPhase section */
		FA9132F72B5D5E9D00A02EF8 /* Resources */ = {
			isa = PBXResourcesBuildPhase;
			buildActionMask = 2147483647;
			files = (
				FA9133052B5D5E9E00A02EF8 /* Preview Assets.xcassets in Resources */,
				FA9133012B5D5E9E00A02EF8 /* Assets.xcassets in Resources */,
			);
			runOnlyForDeploymentPostprocessing = 0;
		};
		FA9133082B5D5E9E00A02EF8 /* Resources */ = {
			isa = PBXResourcesBuildPhase;
			buildActionMask = 2147483647;
			files = (
			);
			runOnlyForDeploymentPostprocessing = 0;
		};
		FA9133122B5D5E9E00A02EF8 /* Resources */ = {
			isa = PBXResourcesBuildPhase;
			buildActionMask = 2147483647;
			files = (
			);
			runOnlyForDeploymentPostprocessing = 0;
		};
/* End PBXResourcesBuildPhase section */

/* Begin PBXSourcesBuildPhase section */
		FA9132F52B5D5E9D00A02EF8 /* Sources */ = {
			isa = PBXSourcesBuildPhase;
			buildActionMask = 2147483647;
			files = (
				FA91337A2B5D779600A02EF8 /* StatsGroupView.swift in Sources */,
				FA91335E2B5D602300A02EF8 /* CoreDataProvider.swift in Sources */,
				FA91335C2B5D602300A02EF8 /* TodoItemCreateDTO.swift in Sources */,
				FA9133602B5D602300A02EF8 /* NotificationService.swift in Sources */,
				FA9133702B5D602300A02EF8 /* UserList+Extension.swift in Sources */,
				FA91336E2B5D602300A02EF8 /* StatsCellView.swift in Sources */,
				FA9133642B5D602300A02EF8 /* TodoListView.swift in Sources */,
				FA9133672B5D602300A02EF8 /* ColorPickerView.swift in Sources */,
				FA91336C2B5D602300A02EF8 /* ListDetailView.swift in Sources */,
				FA9133572B5D602300A02EF8 /* FormatDate.swift in Sources */,
				FA9133662B5D602300A02EF8 /* TodoCreateView.swift in Sources */,
				FA91335B2B5D602300A02EF8 /* TodoItemUpdateDTO.swift in Sources */,
				FA91335F2B5D602300A02EF8 /* UserListService.swift in Sources */,
				FA91336D2B5D602300A02EF8 /* ErrorView.swift in Sources */,
				FA9133782B5D755900A02EF8 /* PreviewData.swift in Sources */,
				FA91336A2B5D602300A02EF8 /* ListCellView.swift in Sources */,
				FA9133632B5D602300A02EF8 /* TodoDetailView.swift in Sources */,
				FA9132FF2B5D5E9D00A02EF8 /* HomeView.swift in Sources */,
				FA9133652B5D602300A02EF8 /* TodoCellView.swift in Sources */,
				FA9133732B5D602300A02EF8 /* View+Extension.swift in Sources */,
				FA9133612B5D602300A02EF8 /* TodoItemService.swift in Sources */,
				FA9133582B5D602300A02EF8 /* CustomOperators.swift in Sources */,
				FA9133692B5D602300A02EF8 /* ListCreateView.swift in Sources */,
				FA9133682B5D602300A02EF8 /* ListPickerView.swift in Sources */,
				FA9133562B5D602300A02EF8 /* Delay.swift in Sources */,
				FA9133752B5D741600A02EF8 /* TodoItem+Extension.swift in Sources */,
				FA9133722B5D602300A02EF8 /* Color+Extension.swift in Sources */,
				FA91335D2B5D602300A02EF8 /* TodoItemDateAndTime.swift in Sources */,
				FA5F11B12B6198DD0058A68B /* HAService.swift in Sources */,
				FA9133292B5D5EB800A02EF8 /* TodoModel.xcdatamodeld in Sources */,
				FA91336F2B5D602300A02EF8 /* Date+Extension.swift in Sources */,
				FA9132FD2B5D5E9D00A02EF8 /* local_todosApp.swift in Sources */,
				FA9133712B5D602300A02EF8 /* String+Extension.swift in Sources */,
				FA91336B2B5D602300A02EF8 /* ListsView.swift in Sources */,
			);
			runOnlyForDeploymentPostprocessing = 0;
		};
		FA9133062B5D5E9E00A02EF8 /* Sources */ = {
			isa = PBXSourcesBuildPhase;
			buildActionMask = 2147483647;
			files = (
				FA91330F2B5D5E9E00A02EF8 /* local_todosTests.swift in Sources */,
			);
			runOnlyForDeploymentPostprocessing = 0;
		};
		FA9133102B5D5E9E00A02EF8 /* Sources */ = {
			isa = PBXSourcesBuildPhase;
			buildActionMask = 2147483647;
			files = (
				FA91331B2B5D5E9E00A02EF8 /* local_todosUITestsLaunchTests.swift in Sources */,
				FA9133192B5D5E9E00A02EF8 /* local_todosUITests.swift in Sources */,
			);
			runOnlyForDeploymentPostprocessing = 0;
		};
/* End PBXSourcesBuildPhase section */

/* Begin PBXTargetDependency section */
		FA91330C2B5D5E9E00A02EF8 /* PBXTargetDependency */ = {
			isa = PBXTargetDependency;
			target = FA9132F82B5D5E9D00A02EF8 /* local-todos */;
			targetProxy = FA91330B2B5D5E9E00A02EF8 /* PBXContainerItemProxy */;
		};
		FA9133162B5D5E9E00A02EF8 /* PBXTargetDependency */ = {
			isa = PBXTargetDependency;
			target = FA9132F82B5D5E9D00A02EF8 /* local-todos */;
			targetProxy = FA9133152B5D5E9E00A02EF8 /* PBXContainerItemProxy */;
		};
/* End PBXTargetDependency section */

/* Begin XCBuildConfiguration section */
		FA91331C2B5D5E9E00A02EF8 /* Debug */ = {
			isa = XCBuildConfiguration;
			buildSettings = {
				ALWAYS_SEARCH_USER_PATHS = NO;
				ASSETCATALOG_COMPILER_GENERATE_SWIFT_ASSET_SYMBOL_EXTENSIONS = YES;
				CLANG_ANALYZER_NONNULL = YES;
				CLANG_ANALYZER_NUMBER_OBJECT_CONVERSION = YES_AGGRESSIVE;
				CLANG_CXX_LANGUAGE_STANDARD = "gnu++20";
				CLANG_ENABLE_MODULES = YES;
				CLANG_ENABLE_OBJC_ARC = YES;
				CLANG_ENABLE_OBJC_WEAK = YES;
				CLANG_WARN_BLOCK_CAPTURE_AUTORELEASING = YES;
				CLANG_WARN_BOOL_CONVERSION = YES;
				CLANG_WARN_COMMA = YES;
				CLANG_WARN_CONSTANT_CONVERSION = YES;
				CLANG_WARN_DEPRECATED_OBJC_IMPLEMENTATIONS = YES;
				CLANG_WARN_DIRECT_OBJC_ISA_USAGE = YES_ERROR;
				CLANG_WARN_DOCUMENTATION_COMMENTS = YES;
				CLANG_WARN_EMPTY_BODY = YES;
				CLANG_WARN_ENUM_CONVERSION = YES;
				CLANG_WARN_INFINITE_RECURSION = YES;
				CLANG_WARN_INT_CONVERSION = YES;
				CLANG_WARN_NON_LITERAL_NULL_CONVERSION = YES;
				CLANG_WARN_OBJC_IMPLICIT_RETAIN_SELF = YES;
				CLANG_WARN_OBJC_LITERAL_CONVERSION = YES;
				CLANG_WARN_OBJC_ROOT_CLASS = YES_ERROR;
				CLANG_WARN_QUOTED_INCLUDE_IN_FRAMEWORK_HEADER = YES;
				CLANG_WARN_RANGE_LOOP_ANALYSIS = YES;
				CLANG_WARN_STRICT_PROTOTYPES = YES;
				CLANG_WARN_SUSPICIOUS_MOVE = YES;
				CLANG_WARN_UNGUARDED_AVAILABILITY = YES_AGGRESSIVE;
				CLANG_WARN_UNREACHABLE_CODE = YES;
				CLANG_WARN__DUPLICATE_METHOD_MATCH = YES;
				COPY_PHASE_STRIP = NO;
				DEBUG_INFORMATION_FORMAT = dwarf;
				ENABLE_STRICT_OBJC_MSGSEND = YES;
				ENABLE_TESTABILITY = YES;
				ENABLE_USER_SCRIPT_SANDBOXING = YES;
				GCC_C_LANGUAGE_STANDARD = gnu17;
				GCC_DYNAMIC_NO_PIC = NO;
				GCC_NO_COMMON_BLOCKS = YES;
				GCC_OPTIMIZATION_LEVEL = 0;
				GCC_PREPROCESSOR_DEFINITIONS = (
					"DEBUG=1",
					"$(inherited)",
				);
				GCC_WARN_64_TO_32_BIT_CONVERSION = YES;
				GCC_WARN_ABOUT_RETURN_TYPE = YES_ERROR;
				GCC_WARN_UNDECLARED_SELECTOR = YES;
				GCC_WARN_UNINITIALIZED_AUTOS = YES_AGGRESSIVE;
				GCC_WARN_UNUSED_FUNCTION = YES;
				GCC_WARN_UNUSED_VARIABLE = YES;
				LOCALIZATION_PREFERS_STRING_CATALOGS = YES;
				MTL_ENABLE_DEBUG_INFO = INCLUDE_SOURCE;
				MTL_FAST_MATH = YES;
				ONLY_ACTIVE_ARCH = YES;
				SWIFT_ACTIVE_COMPILATION_CONDITIONS = "DEBUG $(inherited)";
				SWIFT_OPTIMIZATION_LEVEL = "-Onone";
			};
			name = Debug;
		};
		FA91331D2B5D5E9E00A02EF8 /* Release */ = {
			isa = XCBuildConfiguration;
			buildSettings = {
				ALWAYS_SEARCH_USER_PATHS = NO;
				ASSETCATALOG_COMPILER_GENERATE_SWIFT_ASSET_SYMBOL_EXTENSIONS = YES;
				CLANG_ANALYZER_NONNULL = YES;
				CLANG_ANALYZER_NUMBER_OBJECT_CONVERSION = YES_AGGRESSIVE;
				CLANG_CXX_LANGUAGE_STANDARD = "gnu++20";
				CLANG_ENABLE_MODULES = YES;
				CLANG_ENABLE_OBJC_ARC = YES;
				CLANG_ENABLE_OBJC_WEAK = YES;
				CLANG_WARN_BLOCK_CAPTURE_AUTORELEASING = YES;
				CLANG_WARN_BOOL_CONVERSION = YES;
				CLANG_WARN_COMMA = YES;
				CLANG_WARN_CONSTANT_CONVERSION = YES;
				CLANG_WARN_DEPRECATED_OBJC_IMPLEMENTATIONS = YES;
				CLANG_WARN_DIRECT_OBJC_ISA_USAGE = YES_ERROR;
				CLANG_WARN_DOCUMENTATION_COMMENTS = YES;
				CLANG_WARN_EMPTY_BODY = YES;
				CLANG_WARN_ENUM_CONVERSION = YES;
				CLANG_WARN_INFINITE_RECURSION = YES;
				CLANG_WARN_INT_CONVERSION = YES;
				CLANG_WARN_NON_LITERAL_NULL_CONVERSION = YES;
				CLANG_WARN_OBJC_IMPLICIT_RETAIN_SELF = YES;
				CLANG_WARN_OBJC_LITERAL_CONVERSION = YES;
				CLANG_WARN_OBJC_ROOT_CLASS = YES_ERROR;
				CLANG_WARN_QUOTED_INCLUDE_IN_FRAMEWORK_HEADER = YES;
				CLANG_WARN_RANGE_LOOP_ANALYSIS = YES;
				CLANG_WARN_STRICT_PROTOTYPES = YES;
				CLANG_WARN_SUSPICIOUS_MOVE = YES;
				CLANG_WARN_UNGUARDED_AVAILABILITY = YES_AGGRESSIVE;
				CLANG_WARN_UNREACHABLE_CODE = YES;
				CLANG_WARN__DUPLICATE_METHOD_MATCH = YES;
				COPY_PHASE_STRIP = NO;
				DEBUG_INFORMATION_FORMAT = "dwarf-with-dsym";
				ENABLE_NS_ASSERTIONS = NO;
				ENABLE_STRICT_OBJC_MSGSEND = YES;
				ENABLE_USER_SCRIPT_SANDBOXING = YES;
				GCC_C_LANGUAGE_STANDARD = gnu17;
				GCC_NO_COMMON_BLOCKS = YES;
				GCC_WARN_64_TO_32_BIT_CONVERSION = YES;
				GCC_WARN_ABOUT_RETURN_TYPE = YES_ERROR;
				GCC_WARN_UNDECLARED_SELECTOR = YES;
				GCC_WARN_UNINITIALIZED_AUTOS = YES_AGGRESSIVE;
				GCC_WARN_UNUSED_FUNCTION = YES;
				GCC_WARN_UNUSED_VARIABLE = YES;
				LOCALIZATION_PREFERS_STRING_CATALOGS = YES;
				MTL_ENABLE_DEBUG_INFO = NO;
				MTL_FAST_MATH = YES;
				SWIFT_COMPILATION_MODE = wholemodule;
			};
			name = Release;
		};
		FA91331F2B5D5E9E00A02EF8 /* Debug */ = {
			isa = XCBuildConfiguration;
			buildSettings = {
				ASSETCATALOG_COMPILER_APPICON_NAME = AppIcon;
				ASSETCATALOG_COMPILER_GLOBAL_ACCENT_COLOR_NAME = AccentColor;
				CODE_SIGN_ENTITLEMENTS = "local-todos/local_todos.entitlements";
				CODE_SIGN_STYLE = Automatic;
				CURRENT_PROJECT_VERSION = 1;
				DEVELOPMENT_ASSET_PATHS = "\"local-todos/Preview Content\"";
				DEVELOPMENT_TEAM = 942HM869G6;
				ENABLE_HARDENED_RUNTIME = YES;
				ENABLE_PREVIEWS = YES;
				GENERATE_INFOPLIST_FILE = YES;
				"INFOPLIST_KEY_UIApplicationSceneManifest_Generation[sdk=iphoneos*]" = YES;
				"INFOPLIST_KEY_UIApplicationSceneManifest_Generation[sdk=iphonesimulator*]" = YES;
				"INFOPLIST_KEY_UIApplicationSupportsIndirectInputEvents[sdk=iphoneos*]" = YES;
				"INFOPLIST_KEY_UIApplicationSupportsIndirectInputEvents[sdk=iphonesimulator*]" = YES;
				"INFOPLIST_KEY_UILaunchScreen_Generation[sdk=iphoneos*]" = YES;
				"INFOPLIST_KEY_UILaunchScreen_Generation[sdk=iphonesimulator*]" = YES;
				"INFOPLIST_KEY_UIStatusBarStyle[sdk=iphoneos*]" = UIStatusBarStyleDefault;
				"INFOPLIST_KEY_UIStatusBarStyle[sdk=iphonesimulator*]" = UIStatusBarStyleDefault;
				INFOPLIST_KEY_UISupportedInterfaceOrientations_iPad = "UIInterfaceOrientationPortrait UIInterfaceOrientationPortraitUpsideDown UIInterfaceOrientationLandscapeLeft UIInterfaceOrientationLandscapeRight";
				INFOPLIST_KEY_UISupportedInterfaceOrientations_iPhone = "UIInterfaceOrientationPortrait UIInterfaceOrientationLandscapeLeft UIInterfaceOrientationLandscapeRight";
				IPHONEOS_DEPLOYMENT_TARGET = 17.2;
				LD_RUNPATH_SEARCH_PATHS = "@executable_path/Frameworks";
				"LD_RUNPATH_SEARCH_PATHS[sdk=macosx*]" = "@executable_path/../Frameworks";
				MACOSX_DEPLOYMENT_TARGET = 14.2;
				MARKETING_VERSION = 1.0;
				PRODUCT_BUNDLE_IDENTIFIER = "com.guillermo.loaysa.local-todos";
				PRODUCT_NAME = "$(TARGET_NAME)";
				SDKROOT = auto;
				SUPPORTED_PLATFORMS = "iphoneos iphonesimulator macosx";
				SWIFT_EMIT_LOC_STRINGS = YES;
				SWIFT_VERSION = 5.0;
				TARGETED_DEVICE_FAMILY = "1,2";
			};
			name = Debug;
		};
		FA9133202B5D5E9E00A02EF8 /* Release */ = {
			isa = XCBuildConfiguration;
			buildSettings = {
				ASSETCATALOG_COMPILER_APPICON_NAME = AppIcon;
				ASSETCATALOG_COMPILER_GLOBAL_ACCENT_COLOR_NAME = AccentColor;
				CODE_SIGN_ENTITLEMENTS = "local-todos/local_todos.entitlements";
				CODE_SIGN_STYLE = Automatic;
				CURRENT_PROJECT_VERSION = 1;
				DEVELOPMENT_ASSET_PATHS = "\"local-todos/Preview Content\"";
				DEVELOPMENT_TEAM = 942HM869G6;
				ENABLE_HARDENED_RUNTIME = YES;
				ENABLE_PREVIEWS = YES;
				GENERATE_INFOPLIST_FILE = YES;
				"INFOPLIST_KEY_UIApplicationSceneManifest_Generation[sdk=iphoneos*]" = YES;
				"INFOPLIST_KEY_UIApplicationSceneManifest_Generation[sdk=iphonesimulator*]" = YES;
				"INFOPLIST_KEY_UIApplicationSupportsIndirectInputEvents[sdk=iphoneos*]" = YES;
				"INFOPLIST_KEY_UIApplicationSupportsIndirectInputEvents[sdk=iphonesimulator*]" = YES;
				"INFOPLIST_KEY_UILaunchScreen_Generation[sdk=iphoneos*]" = YES;
				"INFOPLIST_KEY_UILaunchScreen_Generation[sdk=iphonesimulator*]" = YES;
				"INFOPLIST_KEY_UIStatusBarStyle[sdk=iphoneos*]" = UIStatusBarStyleDefault;
				"INFOPLIST_KEY_UIStatusBarStyle[sdk=iphonesimulator*]" = UIStatusBarStyleDefault;
				INFOPLIST_KEY_UISupportedInterfaceOrientations_iPad = "UIInterfaceOrientationPortrait UIInterfaceOrientationPortraitUpsideDown UIInterfaceOrientationLandscapeLeft UIInterfaceOrientationLandscapeRight";
				INFOPLIST_KEY_UISupportedInterfaceOrientations_iPhone = "UIInterfaceOrientationPortrait UIInterfaceOrientationLandscapeLeft UIInterfaceOrientationLandscapeRight";
				IPHONEOS_DEPLOYMENT_TARGET = 17.2;
				LD_RUNPATH_SEARCH_PATHS = "@executable_path/Frameworks";
				"LD_RUNPATH_SEARCH_PATHS[sdk=macosx*]" = "@executable_path/../Frameworks";
				MACOSX_DEPLOYMENT_TARGET = 14.2;
				MARKETING_VERSION = 1.0;
				PRODUCT_BUNDLE_IDENTIFIER = "com.guillermo.loaysa.local-todos";
				PRODUCT_NAME = "$(TARGET_NAME)";
				SDKROOT = auto;
				SUPPORTED_PLATFORMS = "iphoneos iphonesimulator macosx";
				SWIFT_EMIT_LOC_STRINGS = YES;
				SWIFT_VERSION = 5.0;
				TARGETED_DEVICE_FAMILY = "1,2";
			};
			name = Release;
		};
		FA9133222B5D5E9E00A02EF8 /* Debug */ = {
			isa = XCBuildConfiguration;
			buildSettings = {
				ALWAYS_EMBED_SWIFT_STANDARD_LIBRARIES = YES;
				BUNDLE_LOADER = "$(TEST_HOST)";
				CODE_SIGN_STYLE = Automatic;
				CURRENT_PROJECT_VERSION = 1;
				DEVELOPMENT_TEAM = 942HM869G6;
				GENERATE_INFOPLIST_FILE = YES;
				IPHONEOS_DEPLOYMENT_TARGET = 17.2;
				MACOSX_DEPLOYMENT_TARGET = 14.2;
				MARKETING_VERSION = 1.0;
				PRODUCT_BUNDLE_IDENTIFIER = "com.guillermo.loaysa.local-todosTests";
				PRODUCT_NAME = "$(TARGET_NAME)";
				SDKROOT = auto;
				SUPPORTED_PLATFORMS = "iphoneos iphonesimulator macosx";
				SWIFT_EMIT_LOC_STRINGS = NO;
				SWIFT_VERSION = 5.0;
				TARGETED_DEVICE_FAMILY = "1,2";
				TEST_HOST = "$(BUILT_PRODUCTS_DIR)/local-todos.app/$(BUNDLE_EXECUTABLE_FOLDER_PATH)/local-todos";
			};
			name = Debug;
		};
		FA9133232B5D5E9E00A02EF8 /* Release */ = {
			isa = XCBuildConfiguration;
			buildSettings = {
				ALWAYS_EMBED_SWIFT_STANDARD_LIBRARIES = YES;
				BUNDLE_LOADER = "$(TEST_HOST)";
				CODE_SIGN_STYLE = Automatic;
				CURRENT_PROJECT_VERSION = 1;
				DEVELOPMENT_TEAM = 942HM869G6;
				GENERATE_INFOPLIST_FILE = YES;
				IPHONEOS_DEPLOYMENT_TARGET = 17.2;
				MACOSX_DEPLOYMENT_TARGET = 14.2;
				MARKETING_VERSION = 1.0;
				PRODUCT_BUNDLE_IDENTIFIER = "com.guillermo.loaysa.local-todosTests";
				PRODUCT_NAME = "$(TARGET_NAME)";
				SDKROOT = auto;
				SUPPORTED_PLATFORMS = "iphoneos iphonesimulator macosx";
				SWIFT_EMIT_LOC_STRINGS = NO;
				SWIFT_VERSION = 5.0;
				TARGETED_DEVICE_FAMILY = "1,2";
				TEST_HOST = "$(BUILT_PRODUCTS_DIR)/local-todos.app/$(BUNDLE_EXECUTABLE_FOLDER_PATH)/local-todos";
			};
			name = Release;
		};
		FA9133252B5D5E9E00A02EF8 /* Debug */ = {
			isa = XCBuildConfiguration;
			buildSettings = {
				ALWAYS_EMBED_SWIFT_STANDARD_LIBRARIES = YES;
				CODE_SIGN_STYLE = Automatic;
				CURRENT_PROJECT_VERSION = 1;
				DEVELOPMENT_TEAM = 942HM869G6;
				GENERATE_INFOPLIST_FILE = YES;
				IPHONEOS_DEPLOYMENT_TARGET = 17.2;
				MACOSX_DEPLOYMENT_TARGET = 14.2;
				MARKETING_VERSION = 1.0;
				PRODUCT_BUNDLE_IDENTIFIER = "com.guillermo.loaysa.local-todosUITests";
				PRODUCT_NAME = "$(TARGET_NAME)";
				SDKROOT = auto;
				SUPPORTED_PLATFORMS = "iphoneos iphonesimulator macosx";
				SWIFT_EMIT_LOC_STRINGS = NO;
				SWIFT_VERSION = 5.0;
				TARGETED_DEVICE_FAMILY = "1,2";
				TEST_TARGET_NAME = "local-todos";
			};
			name = Debug;
		};
		FA9133262B5D5E9E00A02EF8 /* Release */ = {
			isa = XCBuildConfiguration;
			buildSettings = {
				ALWAYS_EMBED_SWIFT_STANDARD_LIBRARIES = YES;
				CODE_SIGN_STYLE = Automatic;
				CURRENT_PROJECT_VERSION = 1;
				DEVELOPMENT_TEAM = 942HM869G6;
				GENERATE_INFOPLIST_FILE = YES;
				IPHONEOS_DEPLOYMENT_TARGET = 17.2;
				MACOSX_DEPLOYMENT_TARGET = 14.2;
				MARKETING_VERSION = 1.0;
				PRODUCT_BUNDLE_IDENTIFIER = "com.guillermo.loaysa.local-todosUITests";
				PRODUCT_NAME = "$(TARGET_NAME)";
				SDKROOT = auto;
				SUPPORTED_PLATFORMS = "iphoneos iphonesimulator macosx";
				SWIFT_EMIT_LOC_STRINGS = NO;
				SWIFT_VERSION = 5.0;
				TARGETED_DEVICE_FAMILY = "1,2";
				TEST_TARGET_NAME = "local-todos";
			};
			name = Release;
		};
/* End XCBuildConfiguration section */

/* Begin XCConfigurationList section */
		FA9132F42B5D5E9C00A02EF8 /* Build configuration list for PBXProject "local-todos" */ = {
			isa = XCConfigurationList;
			buildConfigurations = (
				FA91331C2B5D5E9E00A02EF8 /* Debug */,
				FA91331D2B5D5E9E00A02EF8 /* Release */,
			);
			defaultConfigurationIsVisible = 0;
			defaultConfigurationName = Release;
		};
		FA91331E2B5D5E9E00A02EF8 /* Build configuration list for PBXNativeTarget "local-todos" */ = {
			isa = XCConfigurationList;
			buildConfigurations = (
				FA91331F2B5D5E9E00A02EF8 /* Debug */,
				FA9133202B5D5E9E00A02EF8 /* Release */,
			);
			defaultConfigurationIsVisible = 0;
			defaultConfigurationName = Release;
		};
		FA9133212B5D5E9E00A02EF8 /* Build configuration list for PBXNativeTarget "local-todosTests" */ = {
			isa = XCConfigurationList;
			buildConfigurations = (
				FA9133222B5D5E9E00A02EF8 /* Debug */,
				FA9133232B5D5E9E00A02EF8 /* Release */,
			);
			defaultConfigurationIsVisible = 0;
			defaultConfigurationName = Release;
		};
		FA9133242B5D5E9E00A02EF8 /* Build configuration list for PBXNativeTarget "local-todosUITests" */ = {
			isa = XCConfigurationList;
			buildConfigurations = (
				FA9133252B5D5E9E00A02EF8 /* Debug */,
				FA9133262B5D5E9E00A02EF8 /* Release */,
			);
			defaultConfigurationIsVisible = 0;
			defaultConfigurationName = Release;
		};
/* End XCConfigurationList section */

/* Begin XCLocalSwiftPackageReference section */
		FA5F11C02B62D3630058A68B /* XCLocalSwiftPackageReference "../HAKit" */ = {
			isa = XCLocalSwiftPackageReference;
			relativePath = ../HAKit;
		};
/* End XCLocalSwiftPackageReference section */

/* Begin XCSwiftPackageProductDependency section */
		FA5F11B92B62C62D0058A68B /* HAKit */ = {
			isa = XCSwiftPackageProductDependency;
			productName = HAKit;
		};
		FA5F11BE2B62D3280058A68B /* HAKit */ = {
			isa = XCSwiftPackageProductDependency;
			productName = HAKit;
		};
		FA5F11C12B62D3630058A68B /* HAKit */ = {
			isa = XCSwiftPackageProductDependency;
			productName = HAKit;
		};
/* End XCSwiftPackageProductDependency section */

/* Begin XCVersionGroup section */
		FA9133272B5D5EB800A02EF8 /* TodoModel.xcdatamodeld */ = {
			isa = XCVersionGroup;
			children = (
				FA9133282B5D5EB800A02EF8 /* TodoModel.xcdatamodel */,
			);
			currentVersion = FA9133282B5D5EB800A02EF8 /* TodoModel.xcdatamodel */;
			path = TodoModel.xcdatamodeld;
			sourceTree = "<group>";
			versionGroupType = wrapper.xcdatamodel;
		};
/* End XCVersionGroup section */
	};
	rootObject = FA9132F12B5D5E9C00A02EF8 /* Project object */;
}
